<?xml version="1.0" encoding="UTF-8" standalone="yes" ?>
<CodeBlocks_project_file>
	<FileVersion major="1" minor="6" />
	<Project>
		<Option title="Veterinaria" />
		<Option pch_mode="2" />
		<Option compiler="gcc" />
		<Build>
			<Target title="Debug">
				<Option output="bin/Debug/Veterinaria" prefix_auto="1" extension_auto="1" />
				<Option object_output="obj/Debug/" />
				<Option type="1" />
				<Option compiler="gcc" />
				<Compiler>
					<Add option="-g" />
				</Compiler>
			</Target>
			<Target title="Release">
				<Option output="bin/Release/Veterinaria" prefix_auto="1" extension_auto="1" />
				<Option object_output="obj/Release/" />
				<Option type="1" />
				<Option compiler="gcc" />
				<Compiler>
					<Add option="-O2" />
				</Compiler>
				<Linker>
					<Add option="-s" />
				</Linker>
			</Target>
		</Build>
		<Compiler>
			<Add option="-Wall" />
			<Add option="-fexceptions" />
		</Compiler>
		<Unit filename="Consulta.h" />
		<Unit filename="Empleado.h" />
		<Unit filename="Fecha.h" />
		<Unit filename="FunctionsConsulta.h" />
		<Unit filename="FunctionsEmpleado.h" />
		<Unit filename="FunctionsPaciente.h" />
		<Unit filename="FunctionsTratamiento.h" />
		<Unit filename="FunctionsTurnero.h" />
		<Unit filename="Menus.h" />
		<Unit filename="Paciente.h" />
		<Unit filename="Persona.h" />
		<Unit filename="Tratamiento.h" />
		<Unit filename="Turnero.h" />
		<Unit filename="main.cpp" />
		<Extensions>
			<lib_finder disable_auto="1" />
		</Extensions>
	</Project>
</CodeBlocks_project_file>
